<?xml version="1.0" encoding="UTF-8" standalone="yes" ?>
<CodeBlocks_project_file>
	<FileVersion major="1" minor="6" />
	<Project>
		<Option title="Gra" />
		<Option pch_mode="2" />
		<Option compiler="gcc" />
		<Build>
			<Target title="Debug">
				<Option output="bin/Debug/Gra" prefix_auto="1" extension_auto="1" />
				<Option object_output="obj/Debug/" />
				<Option type="1" />
				<Option compiler="gcc" />
				<Compiler>
					<Add option="-g" />
					<Add directory="../../../../../../../../../Allegro/allegro-5.0.10-mingw-4.7.0/include" />
					<Add directory="C:/Users/Drygas/Documents/GitHub/zpk2014/home/MichalDrygala/Sokoban/Gra/include" />
				</Compiler>
				<Linker>
					<Add library="..\..\..\..\..\..\..\..\..\Allegro\allegro-5.0.10-mingw-4.7.0\lib\liballegro-5.0.10-monolith-mt-debug.a" />
					<Add library="..\..\..\..\..\..\..\..\..\Allegro\allegro-5.0.10-mingw-4.7.0\lib\liballegro-5.0.10-monolith-mt.a" />
				</Linker>
			</Target>
			<Target title="Release">
				<Option output="bin/Release/Gra" prefix_auto="1" extension_auto="1" />
				<Option object_output="obj/Release/" />
				<Option type="1" />
				<Option compiler="gcc" />
				<Compiler>
					<Add option="-O2" />
					<Add directory="include" />
				</Compiler>
				<Linker>
					<Add option="-s" />
				</Linker>
			</Target>
		</Build>
		<Compiler>
			<Add option="-Wall" />
		</Compiler>
		<Unit filename="InicjalizacjaAllegro.cpp" />
		<Unit filename="InicjalizacjaAllegro.h" />
		<Unit filename="include/clsLudzik.h" />
		<Unit filename="include/clsMenu.h" />
		<Unit filename="include/clsObiektyRuchome.h" />
		<Unit filename="include/clsPlansza.h" />
		<Unit filename="include/clsSkrzynka.h" />
		<Unit filename="main.cpp" />
		<Unit filename="src/clsLudzik.cpp" />
		<Unit filename="src/clsMenu.cpp" />
		<Unit filename="src/clsObiektyRuchome.cpp" />
		<Unit filename="src/clsPlansza.cpp" />
		<Unit filename="src/clsSkrzynka.cpp" />
		<Extensions>
			<code_completion />
			<envvars />
			<debugger />
			<lib_finder disable_auto="1" />
		</Extensions>
	</Project>
</CodeBlocks_project_file>
